
Microsoft Visual Studio Solution File, Format Version 12.00
# Visual Studio 2012
Project("{FAE04EC0-301F-11D3-BF4B-00C04F79EFBC}") = "wp-luna", "wp-luna\wp-luna.csproj", "{B43DF02D-798E-4786-9C9A-DA4D52DF6178}"
EndProject
Project("{FAE04EC0-301F-11D3-BF4B-00C04F79EFBC}") = "wp-luna-test", "wp-luna-test\wp-luna-test.csproj", "{3CC08492-EFD7-4E01-96F7-6BF7C564B522}"
EndProject
Project("{FAE04EC0-301F-11D3-BF4B-00C04F79EFBC}") = "wp-luna-egse", "wp-luna-egse\wp-luna-egse.csproj", "{A90C6774-EF60-4869-8244-76F5D44FAA89}"
EndProject
Global
	GlobalSection(SolutionConfigurationPlatforms) = preSolution
		Debug|Any CPU = Debug|Any CPU
		Release|Any CPU = Release|Any CPU
	EndGlobalSection
	GlobalSection(ProjectConfigurationPlatforms) = postSolution
		{B43DF02D-798E-4786-9C9A-DA4D52DF6178}.Debug|Any CPU.ActiveCfg = Debug|Any CPU
		{B43DF02D-798E-4786-9C9A-DA4D52DF6178}.Debug|Any CPU.Build.0 = Debug|Any CPU
		{B43DF02D-798E-4786-9C9A-DA4D52DF6178}.Release|Any CPU.ActiveCfg = Release|Any CPU
		{B43DF02D-798E-4786-9C9A-DA4D52DF6178}.Release|Any CPU.Build.0 = Release|Any CPU
		{3CC08492-EFD7-4E01-96F7-6BF7C564B522}.Debug|Any CPU.ActiveCfg = Debug|Any CPU
		{3CC08492-EFD7-4E01-96F7-6BF7C564B522}.Debug|Any CPU.Build.0 = Debug|Any CPU
		{3CC08492-EFD7-4E01-96F7-6BF7C564B522}.Release|Any CPU.ActiveCfg = Release|Any CPU
		{3CC08492-EFD7-4E01-96F7-6BF7C564B522}.Release|Any CPU.Build.0 = Release|Any CPU
		{A90C6774-EF60-4869-8244-76F5D44FAA89}.Debug|Any CPU.ActiveCfg = Debug|Any CPU
		{A90C6774-EF60-4869-8244-76F5D44FAA89}.Debug|Any CPU.Build.0 = Debug|Any CPU
		{A90C6774-EF60-4869-8244-76F5D44FAA89}.Release|Any CPU.ActiveCfg = Release|Any CPU
		{A90C6774-EF60-4869-8244-76F5D44FAA89}.Release|Any CPU.Build.0 = Release|Any CPU
	EndGlobalSection
	GlobalSection(SolutionProperties) = preSolution
		HideSolutionNode = FALSE
	EndGlobalSection
EndGlobal
